// !$*UTF8*$!
{
	archiveVersion = 1;
	classes = {
	};
	objectVersion = 46;
	objects = {

/* Begin PBXBuildFile section */
		65AFD8EC1EE412BB00B3C326 /* AppDelegate.swift in Sources */ = {isa = PBXBuildFile; fileRef = 65AFD8EB1EE412BB00B3C326 /* AppDelegate.swift */; };
		65AFD8EE1EE412BB00B3C326 /* ViewController.swift in Sources */ = {isa = PBXBuildFile; fileRef = 65AFD8ED1EE412BB00B3C326 /* ViewController.swift */; };
		65AFD8F11EE412BB00B3C326 /* Main.storyboard in Resources */ = {isa = PBXBuildFile; fileRef = 65AFD8EF1EE412BB00B3C326 /* Main.storyboard */; };
		65AFD8F31EE412BB00B3C326 /* Assets.xcassets in Resources */ = {isa = PBXBuildFile; fileRef = 65AFD8F21EE412BB00B3C326 /* Assets.xcassets */; };
		65AFD8F61EE412BB00B3C326 /* LaunchScreen.storyboard in Resources */ = {isa = PBXBuildFile; fileRef = 65AFD8F41EE412BB00B3C326 /* LaunchScreen.storyboard */; };
		65AFD8FE1EE4204500B3C326 /* MovieCell.swift in Sources */ = {isa = PBXBuildFile; fileRef = 65AFD8FD1EE4204500B3C326 /* MovieCell.swift */; };
/* End PBXBuildFile section */

/* Begin PBXFileReference section */
		65AFD8E81EE412BB00B3C326 /* MovieViewer.app */ = {isa = PBXFileReference; explicitFileType = wrapper.application; includeInIndex = 0; path = MovieViewer.app; sourceTree = BUILT_PRODUCTS_DIR; };
		65AFD8EB1EE412BB00B3C326 /* AppDelegate.swift */ = {isa = PBXFileReference; lastKnownFileType = sourcecode.swift; path = AppDelegate.swift; sourceTree = "<group>"; };
		65AFD8ED1EE412BB00B3C326 /* ViewController.swift */ = {isa = PBXFileReference; lastKnownFileType = sourcecode.swift; path = ViewController.swift; sourceTree = "<group>"; };
		65AFD8F01EE412BB00B3C326 /* Base */ = {isa = PBXFileReference; lastKnownFileType = file.storyboard; name = Base; path = Base.lproj/Main.storyboard; sourceTree = "<group>"; };
		65AFD8F21EE412BB00B3C326 /* Assets.xcassets */ = {isa = PBXFileReference; lastKnownFileType = folder.assetcatalog; path = Assets.xcassets; sourceTree = "<group>"; };
		65AFD8F51EE412BB00B3C326 /* Base */ = {isa = PBXFileReference; lastKnownFileType = file.storyboard; name = Base; path = Base.lproj/LaunchScreen.storyboard; sourceTree = "<group>"; };
		65AFD8F71EE412BB00B3C326 /* Info.plist */ = {isa = PBXFileReference; lastKnownFileType = text.plist.xml; path = Info.plist; sourceTree = "<group>"; };
		65AFD8FD1EE4204500B3C326 /* MovieCell.swift */ = {isa = PBXFileReference; fileEncoding = 4; lastKnownFileType = sourcecode.swift; path = MovieCell.swift; sourceTree = "<group>"; };
/* End PBXFileReference section */

/* Begin PBXFrameworksBuildPhase section */
		65AFD8E51EE412BB00B3C326 /* Frameworks */ = {
			isa = PBXFrameworksBuildPhase;
			buildActionMask = 2147483647;
			files = (
			);
			runOnlyForDeploymentPostprocessing = 0;
		};
/* End PBXFrameworksBuildPhase section */

/* Begin PBXGroup section */
		65AFD8DF1EE412BB00B3C326 = {
			isa = PBXGroup;
			children = (
				65AFD8EA1EE412BB00B3C326 /* MovieViewer */,
				65AFD8E91EE412BB00B3C326 /* Products */,
			);
			sourceTree = "<group>";
		};
		65AFD8E91EE412BB00B3C326 /* Products */ = {
			isa = PBXGroup;
			children = (
				65AFD8E81EE412BB00B3C326 /* MovieViewer.app */,
			);
			name = Products;
			sourceTree = "<group>";
		};
		65AFD8EA1EE412BB00B3C326 /* MovieViewer */ = {
			isa = PBXGroup;
			children = (
				65AFD8EB1EE412BB00B3C326 /* AppDelegate.swift */,
				65AFD8ED1EE412BB00B3C326 /* ViewController.swift */,
				65AFD8EF1EE412BB00B3C326 /* Main.storyboard */,
				65AFD8F21EE412BB00B3C326 /* Assets.xcassets */,
				65AFD8F41EE412BB00B3C326 /* LaunchScreen.storyboard */,
				65AFD8F71EE412BB00B3C326 /* Info.plist */,
				65AFD8FD1EE4204500B3C326 /* MovieCell.swift */,
			);
			path = MovieViewer;
			sourceTree = "<group>";
		};
/* End PBXGroup section */

/* Begin PBXNativeTarget section */
		65AFD8E71EE412BB00B3C326 /* MovieViewer */ = {
			isa = PBXNativeTarget;
			buildConfigurationList = 65AFD8FA1EE412BB00B3C326 /* Build configuration list for PBXNativeTarget "MovieViewer" */;
			buildPhases = (
				65AFD8E41EE412BB00B3C326 /* Sources */,
				65AFD8E51EE412BB00B3C326 /* Frameworks */,
				65AFD8E61EE412BB00B3C326 /* Resources */,
			);
			buildRules = (
			);
			dependencies = (
			);
			name = MovieViewer;
			productName = MovieViewer;
			productReference = 65AFD8E81EE412BB00B3C326 /* MovieViewer.app */;
			productType = "com.apple.product-type.application";
		};
/* End PBXNativeTarget section */

/* Begin PBXProject section */
		65AFD8E01EE412BB00B3C326 /* Project object */ = {
			isa = PBXProject;
			attributes = {
				LastSwiftUpdateCheck = 0820;
				LastUpgradeCheck = 0820;
				ORGANIZATIONNAME = tejen;
				TargetAttributes = {
					65AFD8E71EE412BB00B3C326 = {
						CreatedOnToolsVersion = 8.2.1;
						DevelopmentTeam = UBH739J24U;
						ProvisioningStyle = Automatic;
					};
				};
			};
			buildConfigurationList = 65AFD8E31EE412BB00B3C326 /* Build configuration list for PBXProject "MovieViewer" */;
			compatibilityVersion = "Xcode 3.2";
			developmentRegion = English;
			hasScannedForEncodings = 0;
			knownRegions = (
				en,
				Base,
			);
			mainGroup = 65AFD8DF1EE412BB00B3C326;
			productRefGroup = 65AFD8E91EE412BB00B3C326 /* Products */;
			projectDirPath = "";
			projectRoot = "";
			targets = (
				65AFD8E71EE412BB00B3C326 /* MovieViewer */,
			);
		};
/* End PBXProject section */

/* Begin PBXResourcesBuildPhase section */
		65AFD8E61EE412BB00B3C326 /* Resources */ = {
			isa = PBXResourcesBuildPhase;
			buildActionMask = 2147483647;
			files = (
				65AFD8F61EE412BB00B3C326 /* LaunchScreen.storyboard in Resources */,
				65AFD8F31EE412BB00B3C326 /* Assets.xcassets in Resources */,
				65AFD8F11EE412BB00B3C326 /* Main.storyboard in Resources */,
			);
			runOnlyForDeploymentPostprocessing = 0;
		};
/* End PBXResourcesBuildPhase section */

/* Begin PBXSourcesBuildPhase section */
		65AFD8E41EE412BB00B3C326 /* Sources */ = {
			isa = PBXSourcesBuildPhase;
			buildActionMask = 2147483647;
			files = (
				65AFD8EE1EE412BB00B3C326 /* ViewController.swift in Sources */,
				65AFD8EC1EE412BB00B3C326 /* AppDelegate.swift in Sources */,
				65AFD8FE1EE4204500B3C326 /* MovieCell.swift in Sources */,
			);
			runOnlyForDeploymentPostprocessing = 0;
		};
/* End PBXSourcesBuildPhase section */

/* Begin PBXVariantGroup section */
		65AFD8EF1EE412BB00B3C326 /* Main.storyboard */ = {
			isa = PBXVariantGroup;
			children = (
				65AFD8F01EE412BB00B3C326 /* Base */,
			);
			name = Main.storyboard;
			sourceTree = "<group>";
		};
		65AFD8F41EE412BB00B3C326 /* LaunchScreen.storyboard */ = {
			isa = PBXVariantGroup;
			children = (
				65AFD8F51EE412BB00B3C326 /* Base */,
			);
			name = LaunchScreen.storyboard;
			sourceTree = "<group>";
		};
/* End PBXVariantGroup section */

/* Begin XCBuildConfiguration section */
		65AFD8F81EE412BB00B3C326 /* Debug */ = {
			isa = XCBuildConfiguration;
			buildSettings = {
				ALWAYS_SEARCH_USER_PATHS = NO;
				CLANG_ANALYZER_NONNULL = YES;
				CLANG_CXX_LANGUAGE_STANDARD = "gnu++0x";
				CLANG_CXX_LIBRARY = "libc++";
				CLANG_ENABLE_MODULES = YES;
				CLANG_ENABLE_OBJC_ARC = YES;
				CLANG_WARN_BOOL_CONVERSION = YES;
				CLANG_WARN_CONSTANT_CONVERSION = YES;
				CLANG_WARN_DIRECT_OBJC_ISA_USAGE = YES_ERROR;
				CLANG_WARN_DOCUMENTATION_COMMENTS = YES;
				CLANG_WARN_EMPTY_BODY = YES;
				CLANG_WARN_ENUM_CONVERSION = YES;
				CLANG_WARN_INFINITE_RECURSION = YES;
				CLANG_WARN_INT_CONVERSION = YES;
				CLANG_WARN_OBJC_ROOT_CLASS = YES_ERROR;
				CLANG_WARN_SUSPICIOUS_MOVE = YES;
				CLANG_WARN_UNREACHABLE_CODE = YES;
				CLANG_WARN__DUPLICATE_METHOD_MATCH = YES;
				"CODE_SIGN_IDENTITY[sdk=iphoneos*]" = "iPhone Developer";
				COPY_PHASE_STRIP = NO;
				DEBUG_INFORMATION_FORMAT = dwarf;
				ENABLE_STRICT_OBJC_MSGSEND = YES;
				ENABLE_TESTABILITY = YES;
				GCC_C_LANGUAGE_STANDARD = gnu99;
				GCC_DYNAMIC_NO_PIC = NO;
				GCC_NO_COMMON_BLOCKS = YES;
				GCC_OPTIMIZATION_LEVEL = 0;
				GCC_PREPROCESSOR_DEFINITIONS = (
					"DEBUG=1",
					"$(inherited)",
				);
				GCC_WARN_64_TO_32_BIT_CONVERSION = YES;
				GCC_WARN_ABOUT_RETURN_TYPE = YES_ERROR;
				GCC_WARN_UNDECLARED_SELECTOR = YES;
				GCC_WARN_UNINITIALIZED_AUTOS = YES_AGGRESSIVE;
				GCC_WARN_UNUSED_FUNCTION = YES;
				GCC_WARN_UNUSED_VARIABLE = YES;
				IPHONEOS_DEPLOYMENT_TARGET = 10.2;
				MTL_ENABLE_DEBUG_INFO = YES;
				ONLY_ACTIVE_ARCH = YES;
				SDKROOT = iphoneos;
				SWIFT_ACTIVE_COMPILATION_CONDITIONS = DEBUG;
				SWIFT_OPTIMIZATION_LEVEL = "-Onone";
			};
			name = Debug;
		};
		65AFD8F91EE412BB00B3C326 /* Release */ = {
			isa = XCBuildConfiguration;
			buildSettings = {
				ALWAYS_SEARCH_USER_PATHS = NO;
				CLANG_ANALYZER_NONNULL = YES;
				CLANG_CXX_LANGUAGE_STANDARD = "gnu++0x";
				CLANG_CXX_LIBRARY = "libc++";
				CLANG_ENABLE_MODULES = YES;
				CLANG_ENABLE_OBJC_ARC = YES;
				CLANG_WARN_BOOL_CONVERSION = YES;
				CLANG_WARN_CONSTANT_CONVERSION = YES;
				CLANG_WARN_DIRECT_OBJC_ISA_USAGE = YES_ERROR;
				CLANG_WARN_DOCUMENTATION_COMMENTS = YES;
				CLANG_WARN_EMPTY_BODY = YES;
				CLANG_WARN_ENUM_CONVERSION = YES;
				CLANG_WARN_INFINITE_RECURSION = YES;
				CLANG_WARN_INT_CONVERSION = YES;
				CLANG_WARN_OBJC_ROOT_CLASS = YES_ERROR;
				CLANG_WARN_SUSPICIOUS_MOVE = YES;
				CLANG_WARN_UNREACHABLE_CODE = YES;
				CLANG_WARN__DUPLICATE_METHOD_MATCH = YES;
				"CODE_SIGN_IDENTITY[sdk=iphoneos*]" = "iPhone Developer";
				COPY_PHASE_STRIP = NO;
				DEBUG_INFORMATION_FORMAT = "dwarf-with-dsym";
				ENABLE_NS_ASSERTIONS = NO;
				ENABLE_STRICT_OBJC_MSGSEND = YES;
				GCC_C_LANGUAGE_STANDARD = gnu99;
				GCC_NO_COMMON_BLOCKS = YES;
				GCC_WARN_64_TO_32_BIT_CONVERSION = YES;
				GCC_WARN_ABOUT_RETURN_TYPE = YES_ERROR;
				GCC_WARN_UNDECLARED_SELECTOR = YES;
				GCC_WARN_UNINITIALIZED_AUTOS = YES_AGGRESSIVE;
				GCC_WARN_UNUSED_FUNCTION = YES;
				GCC_WARN_UNUSED_VARIABLE = YES;
				IPHONEOS_DEPLOYMENT_TARGET = 10.2;
				MTL_ENABLE_DEBUG_INFO = NO;
				SDKROOT = iphoneos;
				SWIFT_OPTIMIZATION_LEVEL = "-Owholemodule";
				VALIDATE_PRODUCT = YES;
			};
			name = Release;
		};
		65AFD8FB1EE412BB00B3C326 /* Debug */ = {
			isa = XCBuildConfiguration;
			buildSettings = {
				ASSETCATALOG_COMPILER_APPICON_NAME = AppIcon;
				DEVELOPMENT_TEAM = UBH739J24U;
				INFOPLIST_FILE = MovieViewer/Info.plist;
				LD_RUNPATH_SEARCH_PATHS = "$(inherited) @executable_path/Frameworks";
				PRODUCT_BUNDLE_IDENTIFIER = org.tejen.MovieViewer;
				PRODUCT_NAME = "$(TARGET_NAME)";
				SWIFT_VERSION = 3.0;
			};
			name = Debug;
		};
		65AFD8FC1EE412BB00B3C326 /* Release */ = {
			isa = XCBuildConfiguration;
			buildSettings = {
				ASSETCATALOG_COMPILER_APPICON_NAME = AppIcon;
				DEVELOPMENT_TEAM = UBH739J24U;
				INFOPLIST_FILE = MovieViewer/Info.plist;
				LD_RUNPATH_SEARCH_PATHS = "$(inherited) @executable_path/Frameworks";
				PRODUCT_BUNDLE_IDENTIFIER = org.tejen.MovieViewer;
				PRODUCT_NAME = "$(TARGET_NAME)";
				SWIFT_VERSION = 3.0;
			};
			name = Release;
		};
/* End XCBuildConfiguration section */

/* Begin XCConfigurationList section */
		65AFD8E31EE412BB00B3C326 /* Build configuration list for PBXProject "MovieViewer" */ = {
			isa = XCConfigurationList;
			buildConfigurations = (
				65AFD8F81EE412BB00B3C326 /* Debug */,
				65AFD8F91EE412BB00B3C326 /* Release */,
			);
			defaultConfigurationIsVisible = 0;
			defaultConfigurationName = Release;
		};
		65AFD8FA1EE412BB00B3C326 /* Build configuration list for PBXNativeTarget "MovieViewer" */ = {
			isa = XCConfigurationList;
			buildConfigurations = (
				65AFD8FB1EE412BB00B3C326 /* Debug */,
				65AFD8FC1EE412BB00B3C326 /* Release */,
			);
			defaultConfigurationIsVisible = 0;
		};
/* End XCConfigurationList section */
	};
	rootObject = 65AFD8E01EE412BB00B3C326 /* Project object */;
}
